
Microsoft Visual Studio Solution File, Format Version 12.00
# Visual Studio Version 16
VisualStudioVersion = 16.0.30907.101
MinimumVisualStudioVersion = 10.0.40219.1
Project("{FAE04EC0-301F-11D3-BF4B-00C04F79EFBC}") = "HTB", "HTB\HTB.csproj", "{41E6731E-FEBD-4CA9-8AD1-DEF7ACB267DE}"
EndProject
Project("{FAE04EC0-301F-11D3-BF4B-00C04F79EFBC}") = "Database", "Database\Database.csproj", "{1F23BAED-3CF6-43B9-ACAC-06600A0104E6}"
EndProject
Project("{FAE04EC0-301F-11D3-BF4B-00C04F79EFBC}") = "RecordBuilder", "RecordBuilder\RecordBuilder.csproj", "{DB9AD062-3420-46ED-B529-12356F73F68D}"
EndProject
Project("{FAE04EC0-301F-11D3-BF4B-00C04F79EFBC}") = "HTBDailyKosten", "HTBDailyKosten\HTBDailyKosten.csproj", "{82DC419C-4FAD-4AC7-9EE7-025471028922}"
EndProject
Project("{FAE04EC0-301F-11D3-BF4B-00C04F79EFBC}") = "HTBDailyKostenTest", "HTBDailyKostenTest\HTBDailyKostenTest.csproj", "{B9B1E0DB-B406-47DF-A51E-93A6ED8CF486}"
EndProject
Project("{FAE04EC0-301F-11D3-BF4B-00C04F79EFBC}") = "InvoiceManager", "InvoiceManager\InvoiceManager.csproj", "{A1B4D4FD-E378-4411-9A7C-6D0368C8EF42}"
EndProject
Project("{FAE04EC0-301F-11D3-BF4B-00C04F79EFBC}") = "HTBUtilities", "HTBUtilities\HTBUtilities.csproj", "{8415C6F7-C4D0-4EDE-9FA1-AA2AE3C0BE0B}"
EndProject
Project("{FAE04EC0-301F-11D3-BF4B-00C04F79EFBC}") = "HTBAktLayer", "HTBAktLayer\HTBAktLayer.csproj", "{B8F838C7-DFFC-4824-9363-6CE08B3AAE8C}"
EndProject
Project("{FAE04EC0-301F-11D3-BF4B-00C04F79EFBC}") = "NightlyService", "NightlyService\NightlyService.csproj", "{69DA1839-E542-421C-9484-7F50EC61F808}"
EndProject
Project("{FAE04EC0-301F-11D3-BF4B-00C04F79EFBC}") = "HTBReports", "HTBReports\HTBReports.csproj", "{8731BC94-BD61-41AD-976F-71D596B372CB}"
EndProject
Project("{FAE04EC0-301F-11D3-BF4B-00C04F79EFBC}") = "HTBExtras", "HTBExtras\HTBExtras.csproj", "{3E96FB09-2A67-4446-A908-8253ABBB9A3E}"
EndProject
Project("{FAE04EC0-301F-11D3-BF4B-00C04F79EFBC}") = "HTBExcel", "HTBExcel\HTBExcel.csproj", "{857654AB-F66A-413D-9BE8-DBBD6BEEA278}"
EndProject
Project("{FAE04EC0-301F-11D3-BF4B-00C04F79EFBC}") = "HTBWorldView", "HTBWorldView\HTBWorldView.csproj", "{EC0D3319-479E-4B0E-89AC-43D1C24973F4}"
EndProject
Project("{FAE04EC0-301F-11D3-BF4B-00C04F79EFBC}") = "HTBAntColonyTSP", "HTBAntColonyTSP\HTBAntColonyTSP.csproj", "{DBB44A1B-C29D-4DF5-A97A-08F422FBA209}"
EndProject
Project("{FAE04EC0-301F-11D3-BF4B-00C04F79EFBC}") = "HTBRouteInfoLoader", "HTBRouteInfoLoader\HTBRouteInfoLoader.csproj", "{1EAFC4AC-5A3C-4AE5-88C6-567DF135C540}"
EndProject
Project("{FAE04EC0-301F-11D3-BF4B-00C04F79EFBC}") = "TransferTables", "TransferTables\TransferTables.csproj", "{3D930549-F905-43B3-A509-E6F33E9504D2}"
EndProject
Project("{FAE04EC0-301F-11D3-BF4B-00C04F79EFBC}") = "DataImport", "DataImport\DataImport.csproj", "{33E7A251-324F-4798-9B00-921E9CD62720}"
EndProject
Project("{FAE04EC0-301F-11D3-BF4B-00C04F79EFBC}") = "HTBEmailTest", "HTBEmailTest\HTBEmailTest.csproj", "{398219AF-F449-4949-8B85-6FBB05F6E20C}"
EndProject
Project("{FAE04EC0-301F-11D3-BF4B-00C04F79EFBC}") = "HTBKlientAuftragsbestaetigung", "HTBKlientAuftragsbestaetigung\HTBKlientAuftragsbestaetigung.csproj", "{B50CD7FA-545C-42B2-9603-8FF8581CE6FF}"
EndProject
Project("{FAE04EC0-301F-11D3-BF4B-00C04F79EFBC}") = "HTBKlientNotifications", "HTBKlientNotifications\HTBKlientNotifications.csproj", "{67618896-545E-438C-B65D-B5CE881F0792}"
EndProject
Project("{FAE04EC0-301F-11D3-BF4B-00C04F79EFBC}") = "HTBXmlToPdf", "HTMXmlToPdf\HTBXmlToPdf.csproj", "{0809B631-4374-4127-BA26-12E95B3D505E}"
EndProject
Project("{FAE04EC0-301F-11D3-BF4B-00C04F79EFBC}") = "HTBPdf", "HTBPdf\HTBPdf.csproj", "{76C4E2E5-BCAA-4AF7-96D4-C8F3A69F07D4}"
EndProject
Project("{2150E333-8FDC-42A3-9474-1A3956D46DE8}") = "UnitTests", "UnitTests", "{F8F15FA7-9911-41E5-8D7A-155B61DFB323}"
EndProject
Project("{FAE04EC0-301F-11D3-BF4B-00C04F79EFBC}") = "HTBTestsUtilities", "UnitTests\HTBTestsUtilities\HTBTestsUtilities.csproj", "{8527E1E9-42E0-40CE-A1DE-3F67FE149420}"
EndProject
Project("{FAE04EC0-301F-11D3-BF4B-00C04F79EFBC}") = "HTBTestDatabase", "UnitTests\HTBTestDatabase\HTBTestDatabase.csproj", "{25BD811C-9F3E-45C2-B216-B59F17EEC6A6}"
EndProject
Project("{54435603-DBB4-11D2-8724-00A0C9A8B90C}") = "HTBNightlyServiceSetup", "HTBNightlyServiceSetup\HTBNightlyServiceSetup.vdproj", "{D25D2A8A-16AA-4078-B8AF-72BE37F619CF}"
EndProject
Project("{FAE04EC0-301F-11D3-BF4B-00C04F79EFBC}") = "HTBServices", "HTBServices\HTBServices.csproj", "{598FA43A-5D61-4542-BCDB-1CF0022CBB1C}"
EndProject
Global
	GlobalSection(SolutionConfigurationPlatforms) = preSolution
		Debug|Any CPU = Debug|Any CPU
		Debug|Mixed Platforms = Debug|Mixed Platforms
		Debug|Win32 = Debug|Win32
		Debug|x64 = Debug|x64
		Debug|x86 = Debug|x86
		Release|Any CPU = Release|Any CPU
		Release|Mixed Platforms = Release|Mixed Platforms
		Release|Win32 = Release|Win32
		Release|x64 = Release|x64
		Release|x86 = Release|x86
	EndGlobalSection
	GlobalSection(ProjectConfigurationPlatforms) = postSolution
		{41E6731E-FEBD-4CA9-8AD1-DEF7ACB267DE}.Debug|Any CPU.ActiveCfg = Debug|x86
		{41E6731E-FEBD-4CA9-8AD1-DEF7ACB267DE}.Debug|Any CPU.Build.0 = Debug|x86
		{41E6731E-FEBD-4CA9-8AD1-DEF7ACB267DE}.Debug|Mixed Platforms.ActiveCfg = Debug|Any CPU
		{41E6731E-FEBD-4CA9-8AD1-DEF7ACB267DE}.Debug|Mixed Platforms.Build.0 = Debug|Any CPU
		{41E6731E-FEBD-4CA9-8AD1-DEF7ACB267DE}.Debug|Win32.ActiveCfg = Debug|Any CPU
		{41E6731E-FEBD-4CA9-8AD1-DEF7ACB267DE}.Debug|x64.ActiveCfg = Debug|Any CPU
		{41E6731E-FEBD-4CA9-8AD1-DEF7ACB267DE}.Debug|x86.ActiveCfg = Debug|Any CPU
		{41E6731E-FEBD-4CA9-8AD1-DEF7ACB267DE}.Release|Any CPU.ActiveCfg = Release|x86
		{41E6731E-FEBD-4CA9-8AD1-DEF7ACB267DE}.Release|Any CPU.Build.0 = Release|x86
		{41E6731E-FEBD-4CA9-8AD1-DEF7ACB267DE}.Release|Mixed Platforms.ActiveCfg = Release|Any CPU
		{41E6731E-FEBD-4CA9-8AD1-DEF7ACB267DE}.Release|Mixed Platforms.Build.0 = Release|Any CPU
		{41E6731E-FEBD-4CA9-8AD1-DEF7ACB267DE}.Release|Win32.ActiveCfg = Release|Any CPU
		{41E6731E-FEBD-4CA9-8AD1-DEF7ACB267DE}.Release|x64.ActiveCfg = Release|Any CPU
		{41E6731E-FEBD-4CA9-8AD1-DEF7ACB267DE}.Release|x86.ActiveCfg = Release|Any CPU
		{1F23BAED-3CF6-43B9-ACAC-06600A0104E6}.Debug|Any CPU.ActiveCfg = Debug|x86
		{1F23BAED-3CF6-43B9-ACAC-06600A0104E6}.Debug|Any CPU.Build.0 = Debug|x86
		{1F23BAED-3CF6-43B9-ACAC-06600A0104E6}.Debug|Mixed Platforms.ActiveCfg = Debug|x86
		{1F23BAED-3CF6-43B9-ACAC-06600A0104E6}.Debug|Mixed Platforms.Build.0 = Debug|x86
		{1F23BAED-3CF6-43B9-ACAC-06600A0104E6}.Debug|Win32.ActiveCfg = Debug|x86
		{1F23BAED-3CF6-43B9-ACAC-06600A0104E6}.Debug|x64.ActiveCfg = Debug|x64
		{1F23BAED-3CF6-43B9-ACAC-06600A0104E6}.Debug|x64.Build.0 = Debug|x64
		{1F23BAED-3CF6-43B9-ACAC-06600A0104E6}.Debug|x86.ActiveCfg = Debug|x86
		{1F23BAED-3CF6-43B9-ACAC-06600A0104E6}.Debug|x86.Build.0 = Debug|x86
		{1F23BAED-3CF6-43B9-ACAC-06600A0104E6}.Release|Any CPU.ActiveCfg = Release|x86
		{1F23BAED-3CF6-43B9-ACAC-06600A0104E6}.Release|Any CPU.Build.0 = Release|x86
		{1F23BAED-3CF6-43B9-ACAC-06600A0104E6}.Release|Mixed Platforms.ActiveCfg = Release|x86
		{1F23BAED-3CF6-43B9-ACAC-06600A0104E6}.Release|Mixed Platforms.Build.0 = Release|x86
		{1F23BAED-3CF6-43B9-ACAC-06600A0104E6}.Release|Win32.ActiveCfg = Release|x86
		{1F23BAED-3CF6-43B9-ACAC-06600A0104E6}.Release|x64.ActiveCfg = Release|x64
		{1F23BAED-3CF6-43B9-ACAC-06600A0104E6}.Release|x64.Build.0 = Release|x64
		{1F23BAED-3CF6-43B9-ACAC-06600A0104E6}.Release|x86.ActiveCfg = Release|x86
		{1F23BAED-3CF6-43B9-ACAC-06600A0104E6}.Release|x86.Build.0 = Release|x86
		{DB9AD062-3420-46ED-B529-12356F73F68D}.Debug|Any CPU.ActiveCfg = Debug|x86
		{DB9AD062-3420-46ED-B529-12356F73F68D}.Debug|Mixed Platforms.ActiveCfg = Debug|x86
		{DB9AD062-3420-46ED-B529-12356F73F68D}.Debug|Mixed Platforms.Build.0 = Debug|x86
		{DB9AD062-3420-46ED-B529-12356F73F68D}.Debug|Win32.ActiveCfg = Debug|x86
		{DB9AD062-3420-46ED-B529-12356F73F68D}.Debug|x64.ActiveCfg = Debug|x64
		{DB9AD062-3420-46ED-B529-12356F73F68D}.Debug|x64.Build.0 = Debug|x64
		{DB9AD062-3420-46ED-B529-12356F73F68D}.Debug|x86.ActiveCfg = Debug|x86
		{DB9AD062-3420-46ED-B529-12356F73F68D}.Debug|x86.Build.0 = Debug|x86
		{DB9AD062-3420-46ED-B529-12356F73F68D}.Release|Any CPU.ActiveCfg = Release|x86
		{DB9AD062-3420-46ED-B529-12356F73F68D}.Release|Any CPU.Build.0 = Release|x86
		{DB9AD062-3420-46ED-B529-12356F73F68D}.Release|Mixed Platforms.ActiveCfg = Release|x86
		{DB9AD062-3420-46ED-B529-12356F73F68D}.Release|Mixed Platforms.Build.0 = Release|x86
		{DB9AD062-3420-46ED-B529-12356F73F68D}.Release|Win32.ActiveCfg = Release|x86
		{DB9AD062-3420-46ED-B529-12356F73F68D}.Release|x64.ActiveCfg = Release|x64
		{DB9AD062-3420-46ED-B529-12356F73F68D}.Release|x64.Build.0 = Release|x64
		{DB9AD062-3420-46ED-B529-12356F73F68D}.Release|x86.ActiveCfg = Release|x86
		{DB9AD062-3420-46ED-B529-12356F73F68D}.Release|x86.Build.0 = Release|x86
		{82DC419C-4FAD-4AC7-9EE7-025471028922}.Debug|Any CPU.ActiveCfg = Debug|x86
		{82DC419C-4FAD-4AC7-9EE7-025471028922}.Debug|Any CPU.Build.0 = Debug|x86
		{82DC419C-4FAD-4AC7-9EE7-025471028922}.Debug|Mixed Platforms.ActiveCfg = Debug|Any CPU
		{82DC419C-4FAD-4AC7-9EE7-025471028922}.Debug|Mixed Platforms.Build.0 = Debug|Any CPU
		{82DC419C-4FAD-4AC7-9EE7-025471028922}.Debug|Win32.ActiveCfg = Debug|Any CPU
		{82DC419C-4FAD-4AC7-9EE7-025471028922}.Debug|x64.ActiveCfg = Debug|Any CPU
		{82DC419C-4FAD-4AC7-9EE7-025471028922}.Debug|x86.ActiveCfg = Debug|Any CPU
		{82DC419C-4FAD-4AC7-9EE7-025471028922}.Release|Any CPU.ActiveCfg = Release|x86
		{82DC419C-4FAD-4AC7-9EE7-025471028922}.Release|Any CPU.Build.0 = Release|x86
		{82DC419C-4FAD-4AC7-9EE7-025471028922}.Release|Mixed Platforms.ActiveCfg = Release|Any CPU
		{82DC419C-4FAD-4AC7-9EE7-025471028922}.Release|Mixed Platforms.Build.0 = Release|Any CPU
		{82DC419C-4FAD-4AC7-9EE7-025471028922}.Release|Win32.ActiveCfg = Release|Any CPU
		{82DC419C-4FAD-4AC7-9EE7-025471028922}.Release|x64.ActiveCfg = Release|Any CPU
		{82DC419C-4FAD-4AC7-9EE7-025471028922}.Release|x86.ActiveCfg = Release|Any CPU
		{B9B1E0DB-B406-47DF-A51E-93A6ED8CF486}.Debug|Any CPU.ActiveCfg = Debug|x86
		{B9B1E0DB-B406-47DF-A51E-93A6ED8CF486}.Debug|Any CPU.Build.0 = Debug|x86
		{B9B1E0DB-B406-47DF-A51E-93A6ED8CF486}.Debug|Mixed Platforms.ActiveCfg = Debug|x86
		{B9B1E0DB-B406-47DF-A51E-93A6ED8CF486}.Debug|Mixed Platforms.Build.0 = Debug|x86
		{B9B1E0DB-B406-47DF-A51E-93A6ED8CF486}.Debug|Win32.ActiveCfg = Debug|x86
		{B9B1E0DB-B406-47DF-A51E-93A6ED8CF486}.Debug|x64.ActiveCfg = Debug|x86
		{B9B1E0DB-B406-47DF-A51E-93A6ED8CF486}.Debug|x86.ActiveCfg = Debug|x86
		{B9B1E0DB-B406-47DF-A51E-93A6ED8CF486}.Debug|x86.Build.0 = Debug|x86
		{B9B1E0DB-B406-47DF-A51E-93A6ED8CF486}.Release|Any CPU.ActiveCfg = Release|x86
		{B9B1E0DB-B406-47DF-A51E-93A6ED8CF486}.Release|Any CPU.Build.0 = Release|x86
		{B9B1E0DB-B406-47DF-A51E-93A6ED8CF486}.Release|Mixed Platforms.ActiveCfg = Release|x86
		{B9B1E0DB-B406-47DF-A51E-93A6ED8CF486}.Release|Mixed Platforms.Build.0 = Release|x86
		{B9B1E0DB-B406-47DF-A51E-93A6ED8CF486}.Release|Win32.ActiveCfg = Release|x86
		{B9B1E0DB-B406-47DF-A51E-93A6ED8CF486}.Release|x64.ActiveCfg = Release|x86
		{B9B1E0DB-B406-47DF-A51E-93A6ED8CF486}.Release|x86.ActiveCfg = Release|x86
		{B9B1E0DB-B406-47DF-A51E-93A6ED8CF486}.Release|x86.Build.0 = Release|x86
		{A1B4D4FD-E378-4411-9A7C-6D0368C8EF42}.Debug|Any CPU.ActiveCfg = Debug|x86
		{A1B4D4FD-E378-4411-9A7C-6D0368C8EF42}.Debug|Any CPU.Build.0 = Debug|x86
		{A1B4D4FD-E378-4411-9A7C-6D0368C8EF42}.Debug|Mixed Platforms.ActiveCfg = Debug|Any CPU
		{A1B4D4FD-E378-4411-9A7C-6D0368C8EF42}.Debug|Mixed Platforms.Build.0 = Debug|Any CPU
		{A1B4D4FD-E378-4411-9A7C-6D0368C8EF42}.Debug|Win32.ActiveCfg = Debug|Any CPU
		{A1B4D4FD-E378-4411-9A7C-6D0368C8EF42}.Debug|x64.ActiveCfg = Debug|Any CPU
		{A1B4D4FD-E378-4411-9A7C-6D0368C8EF42}.Debug|x86.ActiveCfg = Debug|Any CPU
		{A1B4D4FD-E378-4411-9A7C-6D0368C8EF42}.Release|Any CPU.ActiveCfg = Release|x86
		{A1B4D4FD-E378-4411-9A7C-6D0368C8EF42}.Release|Any CPU.Build.0 = Release|x86
		{A1B4D4FD-E378-4411-9A7C-6D0368C8EF42}.Release|Mixed Platforms.ActiveCfg = Release|Any CPU
		{A1B4D4FD-E378-4411-9A7C-6D0368C8EF42}.Release|Mixed Platforms.Build.0 = Release|Any CPU
		{A1B4D4FD-E378-4411-9A7C-6D0368C8EF42}.Release|Win32.ActiveCfg = Release|Any CPU
		{A1B4D4FD-E378-4411-9A7C-6D0368C8EF42}.Release|x64.ActiveCfg = Release|Any CPU
		{A1B4D4FD-E378-4411-9A7C-6D0368C8EF42}.Release|x86.ActiveCfg = Release|Any CPU
		{8415C6F7-C4D0-4EDE-9FA1-AA2AE3C0BE0B}.Debug|Any CPU.ActiveCfg = Debug|x86
		{8415C6F7-C4D0-4EDE-9FA1-AA2AE3C0BE0B}.Debug|Any CPU.Build.0 = Debug|x86
		{8415C6F7-C4D0-4EDE-9FA1-AA2AE3C0BE0B}.Debug|Mixed Platforms.ActiveCfg = Debug|Any CPU
		{8415C6F7-C4D0-4EDE-9FA1-AA2AE3C0BE0B}.Debug|Mixed Platforms.Build.0 = Debug|Any CPU
		{8415C6F7-C4D0-4EDE-9FA1-AA2AE3C0BE0B}.Debug|Win32.ActiveCfg = Debug|Any CPU
		{8415C6F7-C4D0-4EDE-9FA1-AA2AE3C0BE0B}.Debug|x64.ActiveCfg = Debug|Any CPU
		{8415C6F7-C4D0-4EDE-9FA1-AA2AE3C0BE0B}.Debug|x86.ActiveCfg = Debug|Any CPU
		{8415C6F7-C4D0-4EDE-9FA1-AA2AE3C0BE0B}.Release|Any CPU.ActiveCfg = Release|x86
		{8415C6F7-C4D0-4EDE-9FA1-AA2AE3C0BE0B}.Release|Any CPU.Build.0 = Release|x86
		{8415C6F7-C4D0-4EDE-9FA1-AA2AE3C0BE0B}.Release|Mixed Platforms.ActiveCfg = Release|Any CPU
		{8415C6F7-C4D0-4EDE-9FA1-AA2AE3C0BE0B}.Release|Mixed Platforms.Build.0 = Release|Any CPU
		{8415C6F7-C4D0-4EDE-9FA1-AA2AE3C0BE0B}.Release|Win32.ActiveCfg = Release|Any CPU
		{8415C6F7-C4D0-4EDE-9FA1-AA2AE3C0BE0B}.Release|x64.ActiveCfg = Release|Any CPU
		{8415C6F7-C4D0-4EDE-9FA1-AA2AE3C0BE0B}.Release|x86.ActiveCfg = Release|Any CPU
		{B8F838C7-DFFC-4824-9363-6CE08B3AAE8C}.Debug|Any CPU.ActiveCfg = Debug|x86
		{B8F838C7-DFFC-4824-9363-6CE08B3AAE8C}.Debug|Any CPU.Build.0 = Debug|x86
		{B8F838C7-DFFC-4824-9363-6CE08B3AAE8C}.Debug|Mixed Platforms.ActiveCfg = Debug|Any CPU
		{B8F838C7-DFFC-4824-9363-6CE08B3AAE8C}.Debug|Mixed Platforms.Build.0 = Debug|Any CPU
		{B8F838C7-DFFC-4824-9363-6CE08B3AAE8C}.Debug|Win32.ActiveCfg = Debug|Any CPU
		{B8F838C7-DFFC-4824-9363-6CE08B3AAE8C}.Debug|x64.ActiveCfg = Debug|Any CPU
		{B8F838C7-DFFC-4824-9363-6CE08B3AAE8C}.Debug|x86.ActiveCfg = Debug|Any CPU
		{B8F838C7-DFFC-4824-9363-6CE08B3AAE8C}.Release|Any CPU.ActiveCfg = Release|x86
		{B8F838C7-DFFC-4824-9363-6CE08B3AAE8C}.Release|Any CPU.Build.0 = Release|x86
		{B8F838C7-DFFC-4824-9363-6CE08B3AAE8C}.Release|Mixed Platforms.ActiveCfg = Release|Any CPU
		{B8F838C7-DFFC-4824-9363-6CE08B3AAE8C}.Release|Mixed Platforms.Build.0 = Release|Any CPU
		{B8F838C7-DFFC-4824-9363-6CE08B3AAE8C}.Release|Win32.ActiveCfg = Release|Any CPU
		{B8F838C7-DFFC-4824-9363-6CE08B3AAE8C}.Release|x64.ActiveCfg = Release|Any CPU
		{B8F838C7-DFFC-4824-9363-6CE08B3AAE8C}.Release|x86.ActiveCfg = Release|Any CPU
		{69DA1839-E542-421C-9484-7F50EC61F808}.Debug|Any CPU.ActiveCfg = Debug|x86
		{69DA1839-E542-421C-9484-7F50EC61F808}.Debug|Any CPU.Build.0 = Debug|x86
		{69DA1839-E542-421C-9484-7F50EC61F808}.Debug|Mixed Platforms.ActiveCfg = Debug|x86
		{69DA1839-E542-421C-9484-7F50EC61F808}.Debug|Mixed Platforms.Build.0 = Debug|x86
		{69DA1839-E542-421C-9484-7F50EC61F808}.Debug|Win32.ActiveCfg = Debug|x86
		{69DA1839-E542-421C-9484-7F50EC61F808}.Debug|x64.ActiveCfg = Debug|x86
		{69DA1839-E542-421C-9484-7F50EC61F808}.Debug|x86.ActiveCfg = Debug|x86
		{69DA1839-E542-421C-9484-7F50EC61F808}.Debug|x86.Build.0 = Debug|x86
		{69DA1839-E542-421C-9484-7F50EC61F808}.Release|Any CPU.ActiveCfg = Release|x86
		{69DA1839-E542-421C-9484-7F50EC61F808}.Release|Any CPU.Build.0 = Release|x86
		{69DA1839-E542-421C-9484-7F50EC61F808}.Release|Mixed Platforms.ActiveCfg = Release|x86
		{69DA1839-E542-421C-9484-7F50EC61F808}.Release|Mixed Platforms.Build.0 = Release|x86
		{69DA1839-E542-421C-9484-7F50EC61F808}.Release|Win32.ActiveCfg = Release|x86
		{69DA1839-E542-421C-9484-7F50EC61F808}.Release|x64.ActiveCfg = Release|x86
		{69DA1839-E542-421C-9484-7F50EC61F808}.Release|x86.ActiveCfg = Release|x86
		{69DA1839-E542-421C-9484-7F50EC61F808}.Release|x86.Build.0 = Release|x86
		{8731BC94-BD61-41AD-976F-71D596B372CB}.Debug|Any CPU.ActiveCfg = Debug|x86
		{8731BC94-BD61-41AD-976F-71D596B372CB}.Debug|Any CPU.Build.0 = Debug|x86
		{8731BC94-BD61-41AD-976F-71D596B372CB}.Debug|Mixed Platforms.ActiveCfg = Debug|Any CPU
		{8731BC94-BD61-41AD-976F-71D596B372CB}.Debug|Mixed Platforms.Build.0 = Debug|Any CPU
		{8731BC94-BD61-41AD-976F-71D596B372CB}.Debug|Win32.ActiveCfg = Debug|Any CPU
		{8731BC94-BD61-41AD-976F-71D596B372CB}.Debug|x64.ActiveCfg = Debug|Any CPU
		{8731BC94-BD61-41AD-976F-71D596B372CB}.Debug|x86.ActiveCfg = Debug|Any CPU
		{8731BC94-BD61-41AD-976F-71D596B372CB}.Release|Any CPU.ActiveCfg = Release|x86
		{8731BC94-BD61-41AD-976F-71D596B372CB}.Release|Any CPU.Build.0 = Release|x86
		{8731BC94-BD61-41AD-976F-71D596B372CB}.Release|Mixed Platforms.ActiveCfg = Release|Any CPU
		{8731BC94-BD61-41AD-976F-71D596B372CB}.Release|Mixed Platforms.Build.0 = Release|Any CPU
		{8731BC94-BD61-41AD-976F-71D596B372CB}.Release|Win32.ActiveCfg = Release|Any CPU
		{8731BC94-BD61-41AD-976F-71D596B372CB}.Release|x64.ActiveCfg = Release|Any CPU
		{8731BC94-BD61-41AD-976F-71D596B372CB}.Release|x86.ActiveCfg = Release|Any CPU
		{3E96FB09-2A67-4446-A908-8253ABBB9A3E}.Debug|Any CPU.ActiveCfg = Debug|x86
		{3E96FB09-2A67-4446-A908-8253ABBB9A3E}.Debug|Any CPU.Build.0 = Debug|x86
		{3E96FB09-2A67-4446-A908-8253ABBB9A3E}.Debug|Mixed Platforms.ActiveCfg = Debug|Any CPU
		{3E96FB09-2A67-4446-A908-8253ABBB9A3E}.Debug|Mixed Platforms.Build.0 = Debug|Any CPU
		{3E96FB09-2A67-4446-A908-8253ABBB9A3E}.Debug|Win32.ActiveCfg = Debug|Any CPU
		{3E96FB09-2A67-4446-A908-8253ABBB9A3E}.Debug|x64.ActiveCfg = Debug|Any CPU
		{3E96FB09-2A67-4446-A908-8253ABBB9A3E}.Debug|x86.ActiveCfg = Debug|Any CPU
		{3E96FB09-2A67-4446-A908-8253ABBB9A3E}.Release|Any CPU.ActiveCfg = Release|Any CPU
		{3E96FB09-2A67-4446-A908-8253ABBB9A3E}.Release|Any CPU.Build.0 = Release|Any CPU
		{3E96FB09-2A67-4446-A908-8253ABBB9A3E}.Release|Mixed Platforms.ActiveCfg = Release|Any CPU
		{3E96FB09-2A67-4446-A908-8253ABBB9A3E}.Release|Mixed Platforms.Build.0 = Release|Any CPU
		{3E96FB09-2A67-4446-A908-8253ABBB9A3E}.Release|Win32.ActiveCfg = Release|Any CPU
		{3E96FB09-2A67-4446-A908-8253ABBB9A3E}.Release|x64.ActiveCfg = Release|Any CPU
		{3E96FB09-2A67-4446-A908-8253ABBB9A3E}.Release|x86.ActiveCfg = Release|Any CPU
		{857654AB-F66A-413D-9BE8-DBBD6BEEA278}.Debug|Any CPU.ActiveCfg = Debug|x86
		{857654AB-F66A-413D-9BE8-DBBD6BEEA278}.Debug|Any CPU.Build.0 = Debug|x86
		{857654AB-F66A-413D-9BE8-DBBD6BEEA278}.Debug|Mixed Platforms.ActiveCfg = Debug|Any CPU
		{857654AB-F66A-413D-9BE8-DBBD6BEEA278}.Debug|Mixed Platforms.Build.0 = Debug|Any CPU
		{857654AB-F66A-413D-9BE8-DBBD6BEEA278}.Debug|Win32.ActiveCfg = Debug|Any CPU
		{857654AB-F66A-413D-9BE8-DBBD6BEEA278}.Debug|x64.ActiveCfg = Debug|Any CPU
		{857654AB-F66A-413D-9BE8-DBBD6BEEA278}.Debug|x86.ActiveCfg = Debug|Any CPU
		{857654AB-F66A-413D-9BE8-DBBD6BEEA278}.Release|Any CPU.ActiveCfg = Release|Any CPU
		{857654AB-F66A-413D-9BE8-DBBD6BEEA278}.Release|Any CPU.Build.0 = Release|Any CPU
		{857654AB-F66A-413D-9BE8-DBBD6BEEA278}.Release|Mixed Platforms.ActiveCfg = Release|Any CPU
		{857654AB-F66A-413D-9BE8-DBBD6BEEA278}.Release|Mixed Platforms.Build.0 = Release|Any CPU
		{857654AB-F66A-413D-9BE8-DBBD6BEEA278}.Release|Win32.ActiveCfg = Release|Any CPU
		{857654AB-F66A-413D-9BE8-DBBD6BEEA278}.Release|x64.ActiveCfg = Release|Any CPU
		{857654AB-F66A-413D-9BE8-DBBD6BEEA278}.Release|x86.ActiveCfg = Release|Any CPU
		{EC0D3319-479E-4B0E-89AC-43D1C24973F4}.Debug|Any CPU.ActiveCfg = Debug|x86
		{EC0D3319-479E-4B0E-89AC-43D1C24973F4}.Debug|Any CPU.Build.0 = Debug|x86
		{EC0D3319-479E-4B0E-89AC-43D1C24973F4}.Debug|Mixed Platforms.ActiveCfg = Debug|x86
		{EC0D3319-479E-4B0E-89AC-43D1C24973F4}.Debug|Mixed Platforms.Build.0 = Debug|x86
		{EC0D3319-479E-4B0E-89AC-43D1C24973F4}.Debug|Win32.ActiveCfg = Debug|x86
		{EC0D3319-479E-4B0E-89AC-43D1C24973F4}.Debug|x64.ActiveCfg = Debug|x86
		{EC0D3319-479E-4B0E-89AC-43D1C24973F4}.Debug|x86.ActiveCfg = Debug|x86
		{EC0D3319-479E-4B0E-89AC-43D1C24973F4}.Debug|x86.Build.0 = Debug|x86
		{EC0D3319-479E-4B0E-89AC-43D1C24973F4}.Release|Any CPU.ActiveCfg = Release|x86
		{EC0D3319-479E-4B0E-89AC-43D1C24973F4}.Release|Mixed Platforms.ActiveCfg = Release|x86
		{EC0D3319-479E-4B0E-89AC-43D1C24973F4}.Release|Mixed Platforms.Build.0 = Release|x86
		{EC0D3319-479E-4B0E-89AC-43D1C24973F4}.Release|Win32.ActiveCfg = Release|x86
		{EC0D3319-479E-4B0E-89AC-43D1C24973F4}.Release|x64.ActiveCfg = Release|x86
		{EC0D3319-479E-4B0E-89AC-43D1C24973F4}.Release|x86.ActiveCfg = Release|x86
		{EC0D3319-479E-4B0E-89AC-43D1C24973F4}.Release|x86.Build.0 = Release|x86
		{DBB44A1B-C29D-4DF5-A97A-08F422FBA209}.Debug|Any CPU.ActiveCfg = Debug|x86
		{DBB44A1B-C29D-4DF5-A97A-08F422FBA209}.Debug|Any CPU.Build.0 = Debug|x86
		{DBB44A1B-C29D-4DF5-A97A-08F422FBA209}.Debug|Mixed Platforms.ActiveCfg = Debug|Any CPU
		{DBB44A1B-C29D-4DF5-A97A-08F422FBA209}.Debug|Mixed Platforms.Build.0 = Debug|Any CPU
		{DBB44A1B-C29D-4DF5-A97A-08F422FBA209}.Debug|Win32.ActiveCfg = Debug|Any CPU
		{DBB44A1B-C29D-4DF5-A97A-08F422FBA209}.Debug|x64.ActiveCfg = Debug|Any CPU
		{DBB44A1B-C29D-4DF5-A97A-08F422FBA209}.Debug|x86.ActiveCfg = Debug|Any CPU
		{DBB44A1B-C29D-4DF5-A97A-08F422FBA209}.Release|Any CPU.ActiveCfg = Release|x86
		{DBB44A1B-C29D-4DF5-A97A-08F422FBA209}.Release|Any CPU.Build.0 = Release|x86
		{DBB44A1B-C29D-4DF5-A97A-08F422FBA209}.Release|Mixed Platforms.ActiveCfg = Release|Any CPU
		{DBB44A1B-C29D-4DF5-A97A-08F422FBA209}.Release|Mixed Platforms.Build.0 = Release|Any CPU
		{DBB44A1B-C29D-4DF5-A97A-08F422FBA209}.Release|Win32.ActiveCfg = Release|Any CPU
		{DBB44A1B-C29D-4DF5-A97A-08F422FBA209}.Release|x64.ActiveCfg = Release|Any CPU
		{DBB44A1B-C29D-4DF5-A97A-08F422FBA209}.Release|x86.ActiveCfg = Release|Any CPU
		{1EAFC4AC-5A3C-4AE5-88C6-567DF135C540}.Debug|Any CPU.ActiveCfg = Debug|x86
		{1EAFC4AC-5A3C-4AE5-88C6-567DF135C540}.Debug|Any CPU.Build.0 = Debug|x86
		{1EAFC4AC-5A3C-4AE5-88C6-567DF135C540}.Debug|Mixed Platforms.ActiveCfg = Debug|x86
		{1EAFC4AC-5A3C-4AE5-88C6-567DF135C540}.Debug|Mixed Platforms.Build.0 = Debug|x86
		{1EAFC4AC-5A3C-4AE5-88C6-567DF135C540}.Debug|Win32.ActiveCfg = Debug|x86
		{1EAFC4AC-5A3C-4AE5-88C6-567DF135C540}.Debug|x64.ActiveCfg = Debug|x86
		{1EAFC4AC-5A3C-4AE5-88C6-567DF135C540}.Debug|x86.ActiveCfg = Debug|x86
		{1EAFC4AC-5A3C-4AE5-88C6-567DF135C540}.Debug|x86.Build.0 = Debug|x86
		{1EAFC4AC-5A3C-4AE5-88C6-567DF135C540}.Release|Any CPU.ActiveCfg = Release|x86
		{1EAFC4AC-5A3C-4AE5-88C6-567DF135C540}.Release|Mixed Platforms.ActiveCfg = Release|x86
		{1EAFC4AC-5A3C-4AE5-88C6-567DF135C540}.Release|Mixed Platforms.Build.0 = Release|x86
		{1EAFC4AC-5A3C-4AE5-88C6-567DF135C540}.Release|Win32.ActiveCfg = Release|x86
		{1EAFC4AC-5A3C-4AE5-88C6-567DF135C540}.Release|x64.ActiveCfg = Release|x86
		{1EAFC4AC-5A3C-4AE5-88C6-567DF135C540}.Release|x86.ActiveCfg = Release|x86
		{1EAFC4AC-5A3C-4AE5-88C6-567DF135C540}.Release|x86.Build.0 = Release|x86
		{3D930549-F905-43B3-A509-E6F33E9504D2}.Debug|Any CPU.ActiveCfg = Debug|x86
		{3D930549-F905-43B3-A509-E6F33E9504D2}.Debug|Mixed Platforms.ActiveCfg = Debug|x86
		{3D930549-F905-43B3-A509-E6F33E9504D2}.Debug|Mixed Platforms.Build.0 = Debug|x86
		{3D930549-F905-43B3-A509-E6F33E9504D2}.Debug|Win32.ActiveCfg = Debug|x86
		{3D930549-F905-43B3-A509-E6F33E9504D2}.Debug|x64.ActiveCfg = Debug|x86
		{3D930549-F905-43B3-A509-E6F33E9504D2}.Debug|x86.ActiveCfg = Debug|x86
		{3D930549-F905-43B3-A509-E6F33E9504D2}.Debug|x86.Build.0 = Debug|x86
		{3D930549-F905-43B3-A509-E6F33E9504D2}.Release|Any CPU.ActiveCfg = Release|x86
		{3D930549-F905-43B3-A509-E6F33E9504D2}.Release|Mixed Platforms.ActiveCfg = Release|x86
		{3D930549-F905-43B3-A509-E6F33E9504D2}.Release|Mixed Platforms.Build.0 = Release|x86
		{3D930549-F905-43B3-A509-E6F33E9504D2}.Release|Win32.ActiveCfg = Release|x86
		{3D930549-F905-43B3-A509-E6F33E9504D2}.Release|x64.ActiveCfg = Release|x86
		{3D930549-F905-43B3-A509-E6F33E9504D2}.Release|x86.ActiveCfg = Release|x86
		{3D930549-F905-43B3-A509-E6F33E9504D2}.Release|x86.Build.0 = Release|x86
		{33E7A251-324F-4798-9B00-921E9CD62720}.Debug|Any CPU.ActiveCfg = Debug|x86
		{33E7A251-324F-4798-9B00-921E9CD62720}.Debug|Mixed Platforms.ActiveCfg = Debug|x86
		{33E7A251-324F-4798-9B00-921E9CD62720}.Debug|Mixed Platforms.Build.0 = Debug|x86
		{33E7A251-324F-4798-9B00-921E9CD62720}.Debug|Win32.ActiveCfg = Debug|x86
		{33E7A251-324F-4798-9B00-921E9CD62720}.Debug|x64.ActiveCfg = Debug|x86
		{33E7A251-324F-4798-9B00-921E9CD62720}.Debug|x86.ActiveCfg = Debug|x86
		{33E7A251-324F-4798-9B00-921E9CD62720}.Debug|x86.Build.0 = Debug|x86
		{33E7A251-324F-4798-9B00-921E9CD62720}.Release|Any CPU.ActiveCfg = Release|x86
		{33E7A251-324F-4798-9B00-921E9CD62720}.Release|Mixed Platforms.ActiveCfg = Release|x86
		{33E7A251-324F-4798-9B00-921E9CD62720}.Release|Mixed Platforms.Build.0 = Release|x86
		{33E7A251-324F-4798-9B00-921E9CD62720}.Release|Win32.ActiveCfg = Release|x86
		{33E7A251-324F-4798-9B00-921E9CD62720}.Release|x64.ActiveCfg = Release|x86
		{33E7A251-324F-4798-9B00-921E9CD62720}.Release|x86.ActiveCfg = Release|x86
		{33E7A251-324F-4798-9B00-921E9CD62720}.Release|x86.Build.0 = Release|x86
		{398219AF-F449-4949-8B85-6FBB05F6E20C}.Debug|Any CPU.ActiveCfg = Debug|x86
		{398219AF-F449-4949-8B85-6FBB05F6E20C}.Debug|Any CPU.Build.0 = Debug|x86
		{398219AF-F449-4949-8B85-6FBB05F6E20C}.Debug|Mixed Platforms.ActiveCfg = Debug|x86
		{398219AF-F449-4949-8B85-6FBB05F6E20C}.Debug|Mixed Platforms.Build.0 = Debug|x86
		{398219AF-F449-4949-8B85-6FBB05F6E20C}.Debug|Win32.ActiveCfg = Debug|x86
		{398219AF-F449-4949-8B85-6FBB05F6E20C}.Debug|x64.ActiveCfg = Debug|x86
		{398219AF-F449-4949-8B85-6FBB05F6E20C}.Debug|x86.ActiveCfg = Debug|x86
		{398219AF-F449-4949-8B85-6FBB05F6E20C}.Debug|x86.Build.0 = Debug|x86
		{398219AF-F449-4949-8B85-6FBB05F6E20C}.Release|Any CPU.ActiveCfg = Release|x86
		{398219AF-F449-4949-8B85-6FBB05F6E20C}.Release|Mixed Platforms.ActiveCfg = Release|x86
		{398219AF-F449-4949-8B85-6FBB05F6E20C}.Release|Mixed Platforms.Build.0 = Release|x86
		{398219AF-F449-4949-8B85-6FBB05F6E20C}.Release|Win32.ActiveCfg = Release|x86
		{398219AF-F449-4949-8B85-6FBB05F6E20C}.Release|x64.ActiveCfg = Release|x86
		{398219AF-F449-4949-8B85-6FBB05F6E20C}.Release|x86.ActiveCfg = Release|x86
		{398219AF-F449-4949-8B85-6FBB05F6E20C}.Release|x86.Build.0 = Release|x86
		{B50CD7FA-545C-42B2-9603-8FF8581CE6FF}.Debug|Any CPU.ActiveCfg = Debug|x86
		{B50CD7FA-545C-42B2-9603-8FF8581CE6FF}.Debug|Any CPU.Build.0 = Debug|x86
		{B50CD7FA-545C-42B2-9603-8FF8581CE6FF}.Debug|Mixed Platforms.ActiveCfg = Debug|Any CPU
		{B50CD7FA-545C-42B2-9603-8FF8581CE6FF}.Debug|Mixed Platforms.Build.0 = Debug|Any CPU
		{B50CD7FA-545C-42B2-9603-8FF8581CE6FF}.Debug|Win32.ActiveCfg = Debug|Any CPU
		{B50CD7FA-545C-42B2-9603-8FF8581CE6FF}.Debug|x64.ActiveCfg = Debug|Any CPU
		{B50CD7FA-545C-42B2-9603-8FF8581CE6FF}.Debug|x86.ActiveCfg = Debug|Any CPU
		{B50CD7FA-545C-42B2-9603-8FF8581CE6FF}.Release|Any CPU.ActiveCfg = Release|x86
		{B50CD7FA-545C-42B2-9603-8FF8581CE6FF}.Release|Any CPU.Build.0 = Release|x86
		{B50CD7FA-545C-42B2-9603-8FF8581CE6FF}.Release|Mixed Platforms.ActiveCfg = Release|Any CPU
		{B50CD7FA-545C-42B2-9603-8FF8581CE6FF}.Release|Mixed Platforms.Build.0 = Release|Any CPU
		{B50CD7FA-545C-42B2-9603-8FF8581CE6FF}.Release|Win32.ActiveCfg = Release|Any CPU
		{B50CD7FA-545C-42B2-9603-8FF8581CE6FF}.Release|x64.ActiveCfg = Release|Any CPU
		{B50CD7FA-545C-42B2-9603-8FF8581CE6FF}.Release|x86.ActiveCfg = Release|Any CPU
		{67618896-545E-438C-B65D-B5CE881F0792}.Debug|Any CPU.ActiveCfg = Debug|x86
		{67618896-545E-438C-B65D-B5CE881F0792}.Debug|Any CPU.Build.0 = Debug|x86
		{67618896-545E-438C-B65D-B5CE881F0792}.Debug|Mixed Platforms.ActiveCfg = Debug|Any CPU
		{67618896-545E-438C-B65D-B5CE881F0792}.Debug|Mixed Platforms.Build.0 = Debug|Any CPU
		{67618896-545E-438C-B65D-B5CE881F0792}.Debug|Win32.ActiveCfg = Debug|Any CPU
		{67618896-545E-438C-B65D-B5CE881F0792}.Debug|x64.ActiveCfg = Debug|Any CPU
		{67618896-545E-438C-B65D-B5CE881F0792}.Debug|x86.ActiveCfg = Debug|Any CPU
		{67618896-545E-438C-B65D-B5CE881F0792}.Release|Any CPU.ActiveCfg = Release|x86
		{67618896-545E-438C-B65D-B5CE881F0792}.Release|Any CPU.Build.0 = Release|x86
		{67618896-545E-438C-B65D-B5CE881F0792}.Release|Mixed Platforms.ActiveCfg = Release|Any CPU
		{67618896-545E-438C-B65D-B5CE881F0792}.Release|Mixed Platforms.Build.0 = Release|Any CPU
		{67618896-545E-438C-B65D-B5CE881F0792}.Release|Win32.ActiveCfg = Release|Any CPU
		{67618896-545E-438C-B65D-B5CE881F0792}.Release|x64.ActiveCfg = Release|Any CPU
		{67618896-545E-438C-B65D-B5CE881F0792}.Release|x86.ActiveCfg = Release|Any CPU
		{0809B631-4374-4127-BA26-12E95B3D505E}.Debug|Any CPU.ActiveCfg = Debug|x86
		{0809B631-4374-4127-BA26-12E95B3D505E}.Debug|Any CPU.Build.0 = Debug|x86
		{0809B631-4374-4127-BA26-12E95B3D505E}.Debug|Mixed Platforms.ActiveCfg = Debug|Any CPU
		{0809B631-4374-4127-BA26-12E95B3D505E}.Debug|Mixed Platforms.Build.0 = Debug|Any CPU
		{0809B631-4374-4127-BA26-12E95B3D505E}.Debug|Win32.ActiveCfg = Debug|Any CPU
		{0809B631-4374-4127-BA26-12E95B3D505E}.Debug|x64.ActiveCfg = Debug|Any CPU
		{0809B631-4374-4127-BA26-12E95B3D505E}.Debug|x86.ActiveCfg = Debug|Any CPU
		{0809B631-4374-4127-BA26-12E95B3D505E}.Release|Any CPU.ActiveCfg = Release|x86
		{0809B631-4374-4127-BA26-12E95B3D505E}.Release|Any CPU.Build.0 = Release|x86
		{0809B631-4374-4127-BA26-12E95B3D505E}.Release|Mixed Platforms.ActiveCfg = Release|Any CPU
		{0809B631-4374-4127-BA26-12E95B3D505E}.Release|Mixed Platforms.Build.0 = Release|Any CPU
		{0809B631-4374-4127-BA26-12E95B3D505E}.Release|Win32.ActiveCfg = Release|Any CPU
		{0809B631-4374-4127-BA26-12E95B3D505E}.Release|x64.ActiveCfg = Release|Any CPU
		{0809B631-4374-4127-BA26-12E95B3D505E}.Release|x86.ActiveCfg = Release|Any CPU
		{76C4E2E5-BCAA-4AF7-96D4-C8F3A69F07D4}.Debug|Any CPU.ActiveCfg = Debug|x86
		{76C4E2E5-BCAA-4AF7-96D4-C8F3A69F07D4}.Debug|Any CPU.Build.0 = Debug|x86
		{76C4E2E5-BCAA-4AF7-96D4-C8F3A69F07D4}.Debug|Mixed Platforms.ActiveCfg = Debug|Any CPU
		{76C4E2E5-BCAA-4AF7-96D4-C8F3A69F07D4}.Debug|Mixed Platforms.Build.0 = Debug|Any CPU
		{76C4E2E5-BCAA-4AF7-96D4-C8F3A69F07D4}.Debug|Win32.ActiveCfg = Debug|Any CPU
		{76C4E2E5-BCAA-4AF7-96D4-C8F3A69F07D4}.Debug|x64.ActiveCfg = Debug|Any CPU
		{76C4E2E5-BCAA-4AF7-96D4-C8F3A69F07D4}.Debug|x86.ActiveCfg = Debug|Any CPU
		{76C4E2E5-BCAA-4AF7-96D4-C8F3A69F07D4}.Release|Any CPU.ActiveCfg = Release|x86
		{76C4E2E5-BCAA-4AF7-96D4-C8F3A69F07D4}.Release|Any CPU.Build.0 = Release|x86
		{76C4E2E5-BCAA-4AF7-96D4-C8F3A69F07D4}.Release|Mixed Platforms.ActiveCfg = Release|Any CPU
		{76C4E2E5-BCAA-4AF7-96D4-C8F3A69F07D4}.Release|Mixed Platforms.Build.0 = Release|Any CPU
		{76C4E2E5-BCAA-4AF7-96D4-C8F3A69F07D4}.Release|Win32.ActiveCfg = Release|Any CPU
		{76C4E2E5-BCAA-4AF7-96D4-C8F3A69F07D4}.Release|x64.ActiveCfg = Release|Any CPU
		{76C4E2E5-BCAA-4AF7-96D4-C8F3A69F07D4}.Release|x86.ActiveCfg = Release|Any CPU
		{8527E1E9-42E0-40CE-A1DE-3F67FE149420}.Debug|Any CPU.ActiveCfg = Debug|x86
		{8527E1E9-42E0-40CE-A1DE-3F67FE149420}.Debug|Any CPU.Build.0 = Debug|x86
		{8527E1E9-42E0-40CE-A1DE-3F67FE149420}.Debug|Mixed Platforms.ActiveCfg = Debug|x86
		{8527E1E9-42E0-40CE-A1DE-3F67FE149420}.Debug|Mixed Platforms.Build.0 = Debug|x86
		{8527E1E9-42E0-40CE-A1DE-3F67FE149420}.Debug|Win32.ActiveCfg = Debug|x86
		{8527E1E9-42E0-40CE-A1DE-3F67FE149420}.Debug|Win32.Build.0 = Debug|x86
		{8527E1E9-42E0-40CE-A1DE-3F67FE149420}.Debug|x64.ActiveCfg = Debug|Any CPU
		{8527E1E9-42E0-40CE-A1DE-3F67FE149420}.Debug|x86.ActiveCfg = Debug|x86
		{8527E1E9-42E0-40CE-A1DE-3F67FE149420}.Debug|x86.Build.0 = Debug|x86
		{8527E1E9-42E0-40CE-A1DE-3F67FE149420}.Release|Any CPU.ActiveCfg = Release|Any CPU
		{8527E1E9-42E0-40CE-A1DE-3F67FE149420}.Release|Any CPU.Build.0 = Release|Any CPU
		{8527E1E9-42E0-40CE-A1DE-3F67FE149420}.Release|Mixed Platforms.ActiveCfg = Release|x86
		{8527E1E9-42E0-40CE-A1DE-3F67FE149420}.Release|Mixed Platforms.Build.0 = Release|x86
		{8527E1E9-42E0-40CE-A1DE-3F67FE149420}.Release|Win32.ActiveCfg = Release|x86
		{8527E1E9-42E0-40CE-A1DE-3F67FE149420}.Release|Win32.Build.0 = Release|x86
		{8527E1E9-42E0-40CE-A1DE-3F67FE149420}.Release|x64.ActiveCfg = Release|Any CPU
		{8527E1E9-42E0-40CE-A1DE-3F67FE149420}.Release|x86.ActiveCfg = Release|x86
		{8527E1E9-42E0-40CE-A1DE-3F67FE149420}.Release|x86.Build.0 = Release|x86
		{25BD811C-9F3E-45C2-B216-B59F17EEC6A6}.Debug|Any CPU.ActiveCfg = Debug|x86
		{25BD811C-9F3E-45C2-B216-B59F17EEC6A6}.Debug|Any CPU.Build.0 = Debug|x86
		{25BD811C-9F3E-45C2-B216-B59F17EEC6A6}.Debug|Mixed Platforms.ActiveCfg = Debug|Any CPU
		{25BD811C-9F3E-45C2-B216-B59F17EEC6A6}.Debug|Mixed Platforms.Build.0 = Debug|Any CPU
		{25BD811C-9F3E-45C2-B216-B59F17EEC6A6}.Debug|Win32.ActiveCfg = Debug|Any CPU
		{25BD811C-9F3E-45C2-B216-B59F17EEC6A6}.Debug|x64.ActiveCfg = Debug|Any CPU
		{25BD811C-9F3E-45C2-B216-B59F17EEC6A6}.Debug|x86.ActiveCfg = Debug|Any CPU
		{25BD811C-9F3E-45C2-B216-B59F17EEC6A6}.Release|Any CPU.ActiveCfg = Release|Any CPU
		{25BD811C-9F3E-45C2-B216-B59F17EEC6A6}.Release|Any CPU.Build.0 = Release|Any CPU
		{25BD811C-9F3E-45C2-B216-B59F17EEC6A6}.Release|Mixed Platforms.ActiveCfg = Release|Any CPU
		{25BD811C-9F3E-45C2-B216-B59F17EEC6A6}.Release|Mixed Platforms.Build.0 = Release|Any CPU
		{25BD811C-9F3E-45C2-B216-B59F17EEC6A6}.Release|Win32.ActiveCfg = Release|Any CPU
		{25BD811C-9F3E-45C2-B216-B59F17EEC6A6}.Release|x64.ActiveCfg = Release|Any CPU
		{25BD811C-9F3E-45C2-B216-B59F17EEC6A6}.Release|x86.ActiveCfg = Release|Any CPU
		{D25D2A8A-16AA-4078-B8AF-72BE37F619CF}.Debug|Any CPU.ActiveCfg = Debug
		{D25D2A8A-16AA-4078-B8AF-72BE37F619CF}.Debug|Any CPU.Build.0 = Debug
		{D25D2A8A-16AA-4078-B8AF-72BE37F619CF}.Debug|Mixed Platforms.ActiveCfg = Debug
		{D25D2A8A-16AA-4078-B8AF-72BE37F619CF}.Debug|Mixed Platforms.Build.0 = Debug
		{D25D2A8A-16AA-4078-B8AF-72BE37F619CF}.Debug|Win32.ActiveCfg = Debug
		{D25D2A8A-16AA-4078-B8AF-72BE37F619CF}.Debug|Win32.Build.0 = Debug
		{D25D2A8A-16AA-4078-B8AF-72BE37F619CF}.Debug|x64.ActiveCfg = Debug
		{D25D2A8A-16AA-4078-B8AF-72BE37F619CF}.Debug|x64.Build.0 = Debug
		{D25D2A8A-16AA-4078-B8AF-72BE37F619CF}.Debug|x86.ActiveCfg = Debug
		{D25D2A8A-16AA-4078-B8AF-72BE37F619CF}.Debug|x86.Build.0 = Debug
		{D25D2A8A-16AA-4078-B8AF-72BE37F619CF}.Release|Any CPU.ActiveCfg = Release
		{D25D2A8A-16AA-4078-B8AF-72BE37F619CF}.Release|Any CPU.Build.0 = Release
		{D25D2A8A-16AA-4078-B8AF-72BE37F619CF}.Release|Mixed Platforms.ActiveCfg = Release
		{D25D2A8A-16AA-4078-B8AF-72BE37F619CF}.Release|Mixed Platforms.Build.0 = Release
		{D25D2A8A-16AA-4078-B8AF-72BE37F619CF}.Release|Win32.ActiveCfg = Release
		{D25D2A8A-16AA-4078-B8AF-72BE37F619CF}.Release|Win32.Build.0 = Release
		{D25D2A8A-16AA-4078-B8AF-72BE37F619CF}.Release|x64.ActiveCfg = Release
		{D25D2A8A-16AA-4078-B8AF-72BE37F619CF}.Release|x64.Build.0 = Release
		{D25D2A8A-16AA-4078-B8AF-72BE37F619CF}.Release|x86.ActiveCfg = Release
		{D25D2A8A-16AA-4078-B8AF-72BE37F619CF}.Release|x86.Build.0 = Release
		{598FA43A-5D61-4542-BCDB-1CF0022CBB1C}.Debug|Any CPU.ActiveCfg = Debug|Any CPU
		{598FA43A-5D61-4542-BCDB-1CF0022CBB1C}.Debug|Any CPU.Build.0 = Debug|Any CPU
		{598FA43A-5D61-4542-BCDB-1CF0022CBB1C}.Debug|Mixed Platforms.ActiveCfg = Debug|Any CPU
		{598FA43A-5D61-4542-BCDB-1CF0022CBB1C}.Debug|Mixed Platforms.Build.0 = Debug|Any CPU
		{598FA43A-5D61-4542-BCDB-1CF0022CBB1C}.Debug|Win32.ActiveCfg = Debug|Any CPU
		{598FA43A-5D61-4542-BCDB-1CF0022CBB1C}.Debug|Win32.Build.0 = Debug|Any CPU
		{598FA43A-5D61-4542-BCDB-1CF0022CBB1C}.Debug|x64.ActiveCfg = Debug|Any CPU
		{598FA43A-5D61-4542-BCDB-1CF0022CBB1C}.Debug|x64.Build.0 = Debug|Any CPU
		{598FA43A-5D61-4542-BCDB-1CF0022CBB1C}.Debug|x86.ActiveCfg = Debug|Any CPU
		{598FA43A-5D61-4542-BCDB-1CF0022CBB1C}.Debug|x86.Build.0 = Debug|Any CPU
		{598FA43A-5D61-4542-BCDB-1CF0022CBB1C}.Release|Any CPU.ActiveCfg = Release|Any CPU
		{598FA43A-5D61-4542-BCDB-1CF0022CBB1C}.Release|Any CPU.Build.0 = Release|Any CPU
		{598FA43A-5D61-4542-BCDB-1CF0022CBB1C}.Release|Mixed Platforms.ActiveCfg = Release|Any CPU
		{598FA43A-5D61-4542-BCDB-1CF0022CBB1C}.Release|Mixed Platforms.Build.0 = Release|Any CPU
		{598FA43A-5D61-4542-BCDB-1CF0022CBB1C}.Release|Win32.ActiveCfg = Release|Any CPU
		{598FA43A-5D61-4542-BCDB-1CF0022CBB1C}.Release|Win32.Build.0 = Release|Any CPU
		{598FA43A-5D61-4542-BCDB-1CF0022CBB1C}.Release|x64.ActiveCfg = Release|Any CPU
		{598FA43A-5D61-4542-BCDB-1CF0022CBB1C}.Release|x64.Build.0 = Release|Any CPU
		{598FA43A-5D61-4542-BCDB-1CF0022CBB1C}.Release|x86.ActiveCfg = Release|Any CPU
		{598FA43A-5D61-4542-BCDB-1CF0022CBB1C}.Release|x86.Build.0 = Release|Any CPU
	EndGlobalSection
	GlobalSection(SolutionProperties) = preSolution
		HideSolutionNode = FALSE
	EndGlobalSection
	GlobalSection(NestedProjects) = preSolution
		{8527E1E9-42E0-40CE-A1DE-3F67FE149420} = {F8F15FA7-9911-41E5-8D7A-155B61DFB323}
		{25BD811C-9F3E-45C2-B216-B59F17EEC6A6} = {F8F15FA7-9911-41E5-8D7A-155B61DFB323}
	EndGlobalSection
	GlobalSection(ExtensibilityGlobals) = postSolution
		SolutionGuid = {92C9EFCD-0CFD-4B0F-B839-3455B517F739}
	EndGlobalSection
EndGlobal
